// !$*UTF8*$!
{
	archiveVersion = 1;
	classes = {
	};
	objectVersion = 56;
	objects = {

/* Begin PBXBuildFile section */
		42708ED7EDADDC96890423C1 /* Pods_Shoes_App.framework in Frameworks */ = {isa = PBXBuildFile; fileRef = 946A0CA33836502184C00202 /* Pods_Shoes_App.framework */; };
		9E7D1B402CC72E9400BCF5C1 /* Shoes_AppApp.swift in Sources */ = {isa = PBXBuildFile; fileRef = 9E7D1B3F2CC72E9400BCF5C1 /* Shoes_AppApp.swift */; };
		9E7D1B422CC72E9400BCF5C1 /* ContentView.swift in Sources */ = {isa = PBXBuildFile; fileRef = 9E7D1B412CC72E9400BCF5C1 /* ContentView.swift */; };
		9E7D1B442CC72E9500BCF5C1 /* Assets.xcassets in Resources */ = {isa = PBXBuildFile; fileRef = 9E7D1B432CC72E9500BCF5C1 /* Assets.xcassets */; };
		9E7D1B472CC72E9500BCF5C1 /* Preview Assets.xcassets in Resources */ = {isa = PBXBuildFile; fileRef = 9E7D1B462CC72E9500BCF5C1 /* Preview Assets.xcassets */; };
		9E93B31A2CC9B98E0003976F /* HeaderBackground.swift in Sources */ = {isa = PBXBuildFile; fileRef = 9E93B3192CC9B98E0003976F /* HeaderBackground.swift */; };
		9E93B31D2CC9C2FE0003976F /* ExtensionColor.swift in Sources */ = {isa = PBXBuildFile; fileRef = 9E93B31C2CC9C2FE0003976F /* ExtensionColor.swift */; };
		9E93B31F2CC9C36D0003976F /* ExtensionView.swift in Sources */ = {isa = PBXBuildFile; fileRef = 9E93B31E2CC9C36D0003976F /* ExtensionView.swift */; };
		9E93B3212CC9C48D0003976F /* HomeMainCarouselCard.swift in Sources */ = {isa = PBXBuildFile; fileRef = 9E93B3202CC9C48D0003976F /* HomeMainCarouselCard.swift */; };
/* End PBXBuildFile section */

/* Begin PBXFileReference section */
		1528281BD97721BA4AA6C668 /* Pods-Shoes-App.release.xcconfig */ = {isa = PBXFileReference; includeInIndex = 1; lastKnownFileType = text.xcconfig; name = "Pods-Shoes-App.release.xcconfig"; path = "Target Support Files/Pods-Shoes-App/Pods-Shoes-App.release.xcconfig"; sourceTree = "<group>"; };
		946A0CA33836502184C00202 /* Pods_Shoes_App.framework */ = {isa = PBXFileReference; explicitFileType = wrapper.framework; includeInIndex = 0; path = Pods_Shoes_App.framework; sourceTree = BUILT_PRODUCTS_DIR; };
		9E7D1B3C2CC72E9400BCF5C1 /* Shoes-App.app */ = {isa = PBXFileReference; explicitFileType = wrapper.application; includeInIndex = 0; path = "Shoes-App.app"; sourceTree = BUILT_PRODUCTS_DIR; };
		9E7D1B3F2CC72E9400BCF5C1 /* Shoes_AppApp.swift */ = {isa = PBXFileReference; lastKnownFileType = sourcecode.swift; path = Shoes_AppApp.swift; sourceTree = "<group>"; };
		9E7D1B412CC72E9400BCF5C1 /* ContentView.swift */ = {isa = PBXFileReference; lastKnownFileType = sourcecode.swift; path = ContentView.swift; sourceTree = "<group>"; };
		9E7D1B432CC72E9500BCF5C1 /* Assets.xcassets */ = {isa = PBXFileReference; lastKnownFileType = folder.assetcatalog; path = Assets.xcassets; sourceTree = "<group>"; };
		9E7D1B462CC72E9500BCF5C1 /* Preview Assets.xcassets */ = {isa = PBXFileReference; lastKnownFileType = folder.assetcatalog; path = "Preview Assets.xcassets"; sourceTree = "<group>"; };
		9E93B3192CC9B98E0003976F /* HeaderBackground.swift */ = {isa = PBXFileReference; lastKnownFileType = sourcecode.swift; path = HeaderBackground.swift; sourceTree = "<group>"; };
		9E93B31C2CC9C2FE0003976F /* ExtensionColor.swift */ = {isa = PBXFileReference; lastKnownFileType = sourcecode.swift; path = ExtensionColor.swift; sourceTree = "<group>"; };
		9E93B31E2CC9C36D0003976F /* ExtensionView.swift */ = {isa = PBXFileReference; lastKnownFileType = sourcecode.swift; path = ExtensionView.swift; sourceTree = "<group>"; };
		9E93B3202CC9C48D0003976F /* HomeMainCarouselCard.swift */ = {isa = PBXFileReference; lastKnownFileType = sourcecode.swift; path = HomeMainCarouselCard.swift; sourceTree = "<group>"; };
		D6B432A9435F222AF266F115 /* Pods-Shoes-App.debug.xcconfig */ = {isa = PBXFileReference; includeInIndex = 1; lastKnownFileType = text.xcconfig; name = "Pods-Shoes-App.debug.xcconfig"; path = "Target Support Files/Pods-Shoes-App/Pods-Shoes-App.debug.xcconfig"; sourceTree = "<group>"; };
/* End PBXFileReference section */

/* Begin PBXFrameworksBuildPhase section */
		9E7D1B392CC72E9400BCF5C1 /* Frameworks */ = {
			isa = PBXFrameworksBuildPhase;
			buildActionMask = 2147483647;
			files = (
				42708ED7EDADDC96890423C1 /* Pods_Shoes_App.framework in Frameworks */,
			);
			runOnlyForDeploymentPostprocessing = 0;
		};
/* End PBXFrameworksBuildPhase section */

/* Begin PBXGroup section */
		4436EACD7899E8A4EE52DA6D /* Pods */ = {
			isa = PBXGroup;
			children = (
				D6B432A9435F222AF266F115 /* Pods-Shoes-App.debug.xcconfig */,
				1528281BD97721BA4AA6C668 /* Pods-Shoes-App.release.xcconfig */,
			);
			path = Pods;
			sourceTree = "<group>";
		};
		9E7D1B332CC72E9400BCF5C1 = {
			isa = PBXGroup;
			children = (
				9E7D1B3E2CC72E9400BCF5C1 /* Shoes-App */,
				9E7D1B3D2CC72E9400BCF5C1 /* Products */,
				4436EACD7899E8A4EE52DA6D /* Pods */,
				BF982FFF4C7E2BE00C8CD16C /* Frameworks */,
			);
			sourceTree = "<group>";
		};
		9E7D1B3D2CC72E9400BCF5C1 /* Products */ = {
			isa = PBXGroup;
			children = (
				9E7D1B3C2CC72E9400BCF5C1 /* Shoes-App.app */,
			);
			name = Products;
			sourceTree = "<group>";
		};
		9E7D1B3E2CC72E9400BCF5C1 /* Shoes-App */ = {
			isa = PBXGroup;
			children = (
				9E93B3152CC9B9540003976F /* presentation */,
				9E7D1B3F2CC72E9400BCF5C1 /* Shoes_AppApp.swift */,
				9E7D1B412CC72E9400BCF5C1 /* ContentView.swift */,
				9E7D1B432CC72E9500BCF5C1 /* Assets.xcassets */,
				9E7D1B452CC72E9500BCF5C1 /* Preview Content */,
			);
			path = "Shoes-App";
			sourceTree = "<group>";
		};
		9E7D1B452CC72E9500BCF5C1 /* Preview Content */ = {
			isa = PBXGroup;
			children = (
				9E7D1B462CC72E9500BCF5C1 /* Preview Assets.xcassets */,
			);
			path = "Preview Content";
			sourceTree = "<group>";
		};
		9E93B3152CC9B9540003976F /* presentation */ = {
			isa = PBXGroup;
			children = (
				9E93B3172CC9B96D0003976F /* ui */,
				9E93B3162CC9B95A0003976F /* scenes */,
			);
			path = presentation;
			sourceTree = "<group>";
		};
		9E93B3162CC9B95A0003976F /* scenes */ = {
			isa = PBXGroup;
			children = (
			);
			path = scenes;
			sourceTree = "<group>";
		};
		9E93B3172CC9B96D0003976F /* ui */ = {
			isa = PBXGroup;
			children = (
				9E93B3182CC9B97A0003976F /* components */,
			);
			path = ui;
			sourceTree = "<group>";
		};
		9E93B3182CC9B97A0003976F /* components */ = {
			isa = PBXGroup;
			children = (
				9E93B31B2CC9C2E50003976F /* +extensions */,
				9E93B3192CC9B98E0003976F /* HeaderBackground.swift */,
				9E93B3202CC9C48D0003976F /* HomeMainCarouselCard.swift */,
			);
			path = components;
			sourceTree = "<group>";
		};
		9E93B31B2CC9C2E50003976F /* +extensions */ = {
			isa = PBXGroup;
			children = (
				9E93B31C2CC9C2FE0003976F /* ExtensionColor.swift */,
				9E93B31E2CC9C36D0003976F /* ExtensionView.swift */,
			);
			path = "+extensions";
			sourceTree = "<group>";
		};
		BF982FFF4C7E2BE00C8CD16C /* Frameworks */ = {
			isa = PBXGroup;
			children = (
				946A0CA33836502184C00202 /* Pods_Shoes_App.framework */,
			);
			name = Frameworks;
			sourceTree = "<group>";
		};
/* End PBXGroup section */

/* Begin PBXNativeTarget section */
		9E7D1B3B2CC72E9400BCF5C1 /* Shoes-App */ = {
			isa = PBXNativeTarget;
			buildConfigurationList = 9E7D1B4A2CC72E9500BCF5C1 /* Build configuration list for PBXNativeTarget "Shoes-App" */;
			buildPhases = (
				A07FA8C8E094D85D29A2735A /* [CP] Check Pods Manifest.lock */,
				9E7D1B382CC72E9400BCF5C1 /* Sources */,
				9E7D1B392CC72E9400BCF5C1 /* Frameworks */,
				9E7D1B3A2CC72E9400BCF5C1 /* Resources */,
			);
			buildRules = (
			);
			dependencies = (
			);
			name = "Shoes-App";
			productName = "Shoes-App";
			productReference = 9E7D1B3C2CC72E9400BCF5C1 /* Shoes-App.app */;
			productType = "com.apple.product-type.application";
		};
/* End PBXNativeTarget section */

/* Begin PBXProject section */
		9E7D1B342CC72E9400BCF5C1 /* Project object */ = {
			isa = PBXProject;
			attributes = {
				BuildIndependentTargetsInParallel = 1;
				LastSwiftUpdateCheck = 1500;
				LastUpgradeCheck = 1500;
				TargetAttributes = {
					9E7D1B3B2CC72E9400BCF5C1 = {
						CreatedOnToolsVersion = 15.0.1;
					};
				};
			};
			buildConfigurationList = 9E7D1B372CC72E9400BCF5C1 /* Build configuration list for PBXProject "Shoes-App" */;
			compatibilityVersion = "Xcode 14.0";
			developmentRegion = en;
			hasScannedForEncodings = 0;
			knownRegions = (
				en,
				Base,
			);
			mainGroup = 9E7D1B332CC72E9400BCF5C1;
			productRefGroup = 9E7D1B3D2CC72E9400BCF5C1 /* Products */;
			projectDirPath = "";
			projectRoot = "";
			targets = (
				9E7D1B3B2CC72E9400BCF5C1 /* Shoes-App */,
			);
		};
/* End PBXProject section */

/* Begin PBXResourcesBuildPhase section */
		9E7D1B3A2CC72E9400BCF5C1 /* Resources */ = {
			isa = PBXResourcesBuildPhase;
			buildActionMask = 2147483647;
			files = (
				9E7D1B472CC72E9500BCF5C1 /* Preview Assets.xcassets in Resources */,
				9E7D1B442CC72E9500BCF5C1 /* Assets.xcassets in Resources */,
			);
			runOnlyForDeploymentPostprocessing = 0;
		};
/* End PBXResourcesBuildPhase section */

/* Begin PBXShellScriptBuildPhase section */
		A07FA8C8E094D85D29A2735A /* [CP] Check Pods Manifest.lock */ = {
			isa = PBXShellScriptBuildPhase;
			buildActionMask = 2147483647;
			files = (
			);
			inputFileListPaths = (
			);
			inputPaths = (
				"${PODS_PODFILE_DIR_PATH}/Podfile.lock",
				"${PODS_ROOT}/Manifest.lock",
			);
			name = "[CP] Check Pods Manifest.lock";
			outputFileListPaths = (
			);
			outputPaths = (
				"$(DERIVED_FILE_DIR)/Pods-Shoes-App-checkManifestLockResult.txt",
			);
			runOnlyForDeploymentPostprocessing = 0;
			shellPath = /bin/sh;
			shellScript = "diff \"${PODS_PODFILE_DIR_PATH}/Podfile.lock\" \"${PODS_ROOT}/Manifest.lock\" > /dev/null\nif [ $? != 0 ] ; then\n    # print error to STDERR\n    echo \"error: The sandbox is not in sync with the Podfile.lock. Run 'pod install' or update your CocoaPods installation.\" >&2\n    exit 1\nfi\n# This output is used by Xcode 'outputs' to avoid re-running this script phase.\necho \"SUCCESS\" > \"${SCRIPT_OUTPUT_FILE_0}\"\n";
			showEnvVarsInLog = 0;
		};
/* End PBXShellScriptBuildPhase section */

/* Begin PBXSourcesBuildPhase section */
		9E7D1B382CC72E9400BCF5C1 /* Sources */ = {
			isa = PBXSourcesBuildPhase;
			buildActionMask = 2147483647;
			files = (
				9E7D1B422CC72E9400BCF5C1 /* ContentView.swift in Sources */,
				9E93B31F2CC9C36D0003976F /* ExtensionView.swift in Sources */,
				9E93B31A2CC9B98E0003976F /* HeaderBackground.swift in Sources */,
				9E93B3212CC9C48D0003976F /* HomeMainCarouselCard.swift in Sources */,
				9E7D1B402CC72E9400BCF5C1 /* Shoes_AppApp.swift in Sources */,
				9E93B31D2CC9C2FE0003976F /* ExtensionColor.swift in Sources */,
			);
			runOnlyForDeploymentPostprocessing = 0;
		};
/* End PBXSourcesBuildPhase section */

/* Begin XCBuildConfiguration section */
		9E7D1B482CC72E9500BCF5C1 /* Debug */ = {
			isa = XCBuildConfiguration;
			buildSettings = {
				ALWAYS_SEARCH_USER_PATHS = NO;
				ASSETCATALOG_COMPILER_GENERATE_SWIFT_ASSET_SYMBOL_EXTENSIONS = YES;
				CLANG_ANALYZER_NONNULL = YES;
				CLANG_ANALYZER_NUMBER_OBJECT_CONVERSION = YES_AGGRESSIVE;
				CLANG_CXX_LANGUAGE_STANDARD = "gnu++20";
				CLANG_ENABLE_MODULES = YES;
				CLANG_ENABLE_OBJC_ARC = YES;
				CLANG_ENABLE_OBJC_WEAK = YES;
				CLANG_WARN_BLOCK_CAPTURE_AUTORELEASING = YES;
				CLANG_WARN_BOOL_CONVERSION = YES;
				CLANG_WARN_COMMA = YES;
				CLANG_WARN_CONSTANT_CONVERSION = YES;
				CLANG_WARN_DEPRECATED_OBJC_IMPLEMENTATIONS = YES;
				CLANG_WARN_DIRECT_OBJC_ISA_USAGE = YES_ERROR;
				CLANG_WARN_DOCUMENTATION_COMMENTS = YES;
				CLANG_WARN_EMPTY_BODY = YES;
				CLANG_WARN_ENUM_CONVERSION = YES;
				CLANG_WARN_INFINITE_RECURSION = YES;
				CLANG_WARN_INT_CONVERSION = YES;
				CLANG_WARN_NON_LITERAL_NULL_CONVERSION = YES;
				CLANG_WARN_OBJC_IMPLICIT_RETAIN_SELF = YES;
				CLANG_WARN_OBJC_LITERAL_CONVERSION = YES;
				CLANG_WARN_OBJC_ROOT_CLASS = YES_ERROR;
				CLANG_WARN_QUOTED_INCLUDE_IN_FRAMEWORK_HEADER = YES;
				CLANG_WARN_RANGE_LOOP_ANALYSIS = YES;
				CLANG_WARN_STRICT_PROTOTYPES = YES;
				CLANG_WARN_SUSPICIOUS_MOVE = YES;
				CLANG_WARN_UNGUARDED_AVAILABILITY = YES_AGGRESSIVE;
				CLANG_WARN_UNREACHABLE_CODE = YES;
				CLANG_WARN__DUPLICATE_METHOD_MATCH = YES;
				COPY_PHASE_STRIP = NO;
				DEBUG_INFORMATION_FORMAT = dwarf;
				ENABLE_STRICT_OBJC_MSGSEND = YES;
				ENABLE_TESTABILITY = YES;
				ENABLE_USER_SCRIPT_SANDBOXING = YES;
				GCC_C_LANGUAGE_STANDARD = gnu17;
				GCC_DYNAMIC_NO_PIC = NO;
				GCC_NO_COMMON_BLOCKS = YES;
				GCC_OPTIMIZATION_LEVEL = 0;
				GCC_PREPROCESSOR_DEFINITIONS = (
					"DEBUG=1",
					"$(inherited)",
				);
				GCC_WARN_64_TO_32_BIT_CONVERSION = YES;
				GCC_WARN_ABOUT_RETURN_TYPE = YES_ERROR;
				GCC_WARN_UNDECLARED_SELECTOR = YES;
				GCC_WARN_UNINITIALIZED_AUTOS = YES_AGGRESSIVE;
				GCC_WARN_UNUSED_FUNCTION = YES;
				GCC_WARN_UNUSED_VARIABLE = YES;
				IPHONEOS_DEPLOYMENT_TARGET = 17.0;
				LOCALIZATION_PREFERS_STRING_CATALOGS = YES;
				MTL_ENABLE_DEBUG_INFO = INCLUDE_SOURCE;
				MTL_FAST_MATH = YES;
				ONLY_ACTIVE_ARCH = YES;
				SDKROOT = iphoneos;
				SWIFT_ACTIVE_COMPILATION_CONDITIONS = "DEBUG $(inherited)";
				SWIFT_OPTIMIZATION_LEVEL = "-Onone";
			};
			name = Debug;
		};
		9E7D1B492CC72E9500BCF5C1 /* Release */ = {
			isa = XCBuildConfiguration;
			buildSettings = {
				ALWAYS_SEARCH_USER_PATHS = NO;
				ASSETCATALOG_COMPILER_GENERATE_SWIFT_ASSET_SYMBOL_EXTENSIONS = YES;
				CLANG_ANALYZER_NONNULL = YES;
				CLANG_ANALYZER_NUMBER_OBJECT_CONVERSION = YES_AGGRESSIVE;
				CLANG_CXX_LANGUAGE_STANDARD = "gnu++20";
				CLANG_ENABLE_MODULES = YES;
				CLANG_ENABLE_OBJC_ARC = YES;
				CLANG_ENABLE_OBJC_WEAK = YES;
				CLANG_WARN_BLOCK_CAPTURE_AUTORELEASING = YES;
				CLANG_WARN_BOOL_CONVERSION = YES;
				CLANG_WARN_COMMA = YES;
				CLANG_WARN_CONSTANT_CONVERSION = YES;
				CLANG_WARN_DEPRECATED_OBJC_IMPLEMENTATIONS = YES;
				CLANG_WARN_DIRECT_OBJC_ISA_USAGE = YES_ERROR;
				CLANG_WARN_DOCUMENTATION_COMMENTS = YES;
				CLANG_WARN_EMPTY_BODY = YES;
				CLANG_WARN_ENUM_CONVERSION = YES;
				CLANG_WARN_INFINITE_RECURSION = YES;
				CLANG_WARN_INT_CONVERSION = YES;
				CLANG_WARN_NON_LITERAL_NULL_CONVERSION = YES;
				CLANG_WARN_OBJC_IMPLICIT_RETAIN_SELF = YES;
				CLANG_WARN_OBJC_LITERAL_CONVERSION = YES;
				CLANG_WARN_OBJC_ROOT_CLASS = YES_ERROR;
				CLANG_WARN_QUOTED_INCLUDE_IN_FRAMEWORK_HEADER = YES;
				CLANG_WARN_RANGE_LOOP_ANALYSIS = YES;
				CLANG_WARN_STRICT_PROTOTYPES = YES;
				CLANG_WARN_SUSPICIOUS_MOVE = YES;
				CLANG_WARN_UNGUARDED_AVAILABILITY = YES_AGGRESSIVE;
				CLANG_WARN_UNREACHABLE_CODE = YES;
				CLANG_WARN__DUPLICATE_METHOD_MATCH = YES;
				COPY_PHASE_STRIP = NO;
				DEBUG_INFORMATION_FORMAT = "dwarf-with-dsym";
				ENABLE_NS_ASSERTIONS = NO;
				ENABLE_STRICT_OBJC_MSGSEND = YES;
				ENABLE_USER_SCRIPT_SANDBOXING = YES;
				GCC_C_LANGUAGE_STANDARD = gnu17;
				GCC_NO_COMMON_BLOCKS = YES;
				GCC_WARN_64_TO_32_BIT_CONVERSION = YES;
				GCC_WARN_ABOUT_RETURN_TYPE = YES_ERROR;
				GCC_WARN_UNDECLARED_SELECTOR = YES;
				GCC_WARN_UNINITIALIZED_AUTOS = YES_AGGRESSIVE;
				GCC_WARN_UNUSED_FUNCTION = YES;
				GCC_WARN_UNUSED_VARIABLE = YES;
				IPHONEOS_DEPLOYMENT_TARGET = 17.0;
				LOCALIZATION_PREFERS_STRING_CATALOGS = YES;
				MTL_ENABLE_DEBUG_INFO = NO;
				MTL_FAST_MATH = YES;
				SDKROOT = iphoneos;
				SWIFT_COMPILATION_MODE = wholemodule;
				VALIDATE_PRODUCT = YES;
			};
			name = Release;
		};
		9E7D1B4B2CC72E9500BCF5C1 /* Debug */ = {
			isa = XCBuildConfiguration;
			baseConfigurationReference = D6B432A9435F222AF266F115 /* Pods-Shoes-App.debug.xcconfig */;
			buildSettings = {
				ASSETCATALOG_COMPILER_APPICON_NAME = AppIcon;
				ASSETCATALOG_COMPILER_GLOBAL_ACCENT_COLOR_NAME = AccentColor;
				CODE_SIGN_STYLE = Automatic;
				CURRENT_PROJECT_VERSION = 1;
				DEVELOPMENT_ASSET_PATHS = "\"Shoes-App/Preview Content\"";
				DEVELOPMENT_TEAM = R2D234X96B;
				ENABLE_PREVIEWS = YES;
				GENERATE_INFOPLIST_FILE = YES;
				INFOPLIST_KEY_UIApplicationSceneManifest_Generation = YES;
				INFOPLIST_KEY_UIApplicationSupportsIndirectInputEvents = YES;
				INFOPLIST_KEY_UILaunchScreen_Generation = YES;
				INFOPLIST_KEY_UISupportedInterfaceOrientations_iPad = "UIInterfaceOrientationPortrait UIInterfaceOrientationPortraitUpsideDown UIInterfaceOrientationLandscapeLeft UIInterfaceOrientationLandscapeRight";
				INFOPLIST_KEY_UISupportedInterfaceOrientations_iPhone = "UIInterfaceOrientationPortrait UIInterfaceOrientationLandscapeLeft UIInterfaceOrientationLandscapeRight";
				LD_RUNPATH_SEARCH_PATHS = (
					"$(inherited)",
					"@executable_path/Frameworks",
				);
				MARKETING_VERSION = 1.0;
				PRODUCT_BUNDLE_IDENTIFIER = "com.njm.Shoes-App";
				PRODUCT_NAME = "$(TARGET_NAME)";
				SWIFT_EMIT_LOC_STRINGS = YES;
				SWIFT_VERSION = 5.0;
				TARGETED_DEVICE_FAMILY = "1,2";
			};
			name = Debug;
		};
		9E7D1B4C2CC72E9500BCF5C1 /* Release */ = {
			isa = XCBuildConfiguration;
			baseConfigurationReference = 1528281BD97721BA4AA6C668 /* Pods-Shoes-App.release.xcconfig */;
			buildSettings = {
				ASSETCATALOG_COMPILER_APPICON_NAME = AppIcon;
				ASSETCATALOG_COMPILER_GLOBAL_ACCENT_COLOR_NAME = AccentColor;
				CODE_SIGN_STYLE = Automatic;
				CURRENT_PROJECT_VERSION = 1;
				DEVELOPMENT_ASSET_PATHS = "\"Shoes-App/Preview Content\"";
				DEVELOPMENT_TEAM = R2D234X96B;
				ENABLE_PREVIEWS = YES;
				GENERATE_INFOPLIST_FILE = YES;
				INFOPLIST_KEY_UIApplicationSceneManifest_Generation = YES;
				INFOPLIST_KEY_UIApplicationSupportsIndirectInputEvents = YES;
				INFOPLIST_KEY_UILaunchScreen_Generation = YES;
				INFOPLIST_KEY_UISupportedInterfaceOrientations_iPad = "UIInterfaceOrientationPortrait UIInterfaceOrientationPortraitUpsideDown UIInterfaceOrientationLandscapeLeft UIInterfaceOrientationLandscapeRight";
				INFOPLIST_KEY_UISupportedInterfaceOrientations_iPhone = "UIInterfaceOrientationPortrait UIInterfaceOrientationLandscapeLeft UIInterfaceOrientationLandscapeRight";
				LD_RUNPATH_SEARCH_PATHS = (
					"$(inherited)",
					"@executable_path/Frameworks",
				);
				MARKETING_VERSION = 1.0;
				PRODUCT_BUNDLE_IDENTIFIER = "com.njm.Shoes-App";
				PRODUCT_NAME = "$(TARGET_NAME)";
				SWIFT_EMIT_LOC_STRINGS = YES;
				SWIFT_VERSION = 5.0;
				TARGETED_DEVICE_FAMILY = "1,2";
			};
			name = Release;
		};
/* End XCBuildConfiguration section */

/* Begin XCConfigurationList section */
		9E7D1B372CC72E9400BCF5C1 /* Build configuration list for PBXProject "Shoes-App" */ = {
			isa = XCConfigurationList;
			buildConfigurations = (
				9E7D1B482CC72E9500BCF5C1 /* Debug */,
				9E7D1B492CC72E9500BCF5C1 /* Release */,
			);
			defaultConfigurationIsVisible = 0;
			defaultConfigurationName = Release;
		};
		9E7D1B4A2CC72E9500BCF5C1 /* Build configuration list for PBXNativeTarget "Shoes-App" */ = {
			isa = XCConfigurationList;
			buildConfigurations = (
				9E7D1B4B2CC72E9500BCF5C1 /* Debug */,
				9E7D1B4C2CC72E9500BCF5C1 /* Release */,
			);
			defaultConfigurationIsVisible = 0;
			defaultConfigurationName = Release;
		};
/* End XCConfigurationList section */
	};
	rootObject = 9E7D1B342CC72E9400BCF5C1 /* Project object */;
}
